
Microsoft Visual Studio Solution File, Format Version 12.00
# Visual Studio Version 18
VisualStudioVersion = 18.4.11605.240 stable
MinimumVisualStudioVersion = 10.0.40219.1
Project("{FAE04EC0-301F-11D3-BF4B-00C04F79EFBC}") = "AiTaskGenerator", "AiTaskGenerator.csproj", "{4D7B074D-82A5-0003-FDB3-F1893BBFF565}"
EndProject
Global
	GlobalSection(SolutionConfigurationPlatforms) = preSolution
		Debug|Any CPU = Debug|Any CPU
		Release|Any CPU = Release|Any CPU
	EndGlobalSection
	GlobalSection(ProjectConfigurationPlatforms) = postSolution
		{4D7B074D-82A5-0003-FDB3-F1893BBFF565}.Debug|Any CPU.ActiveCfg = Debug|Any CPU
		{4D7B074D-82A5-0003-FDB3-F1893BBFF565}.Debug|Any CPU.Build.0 = Debug|Any CPU
		{4D7B074D-82A5-0003-FDB3-F1893BBFF565}.Release|Any CPU.ActiveCfg = Release|Any CPU
		{4D7B074D-82A5-0003-FDB3-F1893BBFF565}.Release|Any CPU.Build.0 = Release|Any CPU
	EndGlobalSection
	GlobalSection(SolutionProperties) = preSolution
		HideSolutionNode = FALSE
	EndGlobalSection
	GlobalSection(ExtensibilityGlobals) = postSolution
		SolutionGuid = {925EFB31-E5D5-4F4C-99D2-C356C4A084FD}
	EndGlobalSection
EndGlobal
